PODS:
  - AppImageViewer (1.0.3):
    - SDWebImage (~> 3.8)
  - SDWebImage (3.8.2):
    - SDWebImage/Core (= 3.8.2)
  - SDWebImage/Core (3.8.2)

DEPENDENCIES:
  - AppImageViewer (from `../`)
  - SDWebImage (~> 3.8)

SPEC REPOS:
  https://github.com/cocoapods/specs.git:
    - SDWebImage

EXTERNAL SOURCES:
  AppImageViewer:
    :path: "../"

SPEC CHECKSUMS:
  AppImageViewer: 9c49891ec50a63cff038a24f6ab472146a25d441
  SDWebImage: 098e97e6176540799c27e804c96653ee0833d13c

PODFILE CHECKSUM: 728ee5d0e45e0e44c0b8bb2407c5fc927ff35e89

COCOAPODS: 1.5.3
